{
  "name": "moduleeleven-ecom",
  "lockfileVersion": 3,
  "requires": true,
  "packages": {
    "": {
      "dependencies": {
        "axios": "^0.26.0",
        "react-router-dom": "^6.26.0"
      }
    },
    "node_modules/@remix-run/router": {
      "version": "1.19.0",
      "resolved": "https://registry.npmjs.org/@remix-run/router/-/router-1.19.0.tgz",
      "integrity": "sha512-zDICCLKEwbVYTS6TjYaWtHXxkdoUvD/QXvyVZjGCsWz5vyH7aFeONlPffPdW+Y/t6KT0MgXb2Mfjun9YpWN1dA==",
      "license": "MIT",
      "engines": {
        "node": ">=14.0.0"
      }
    },
    "node_modules/axios": {
      "version": "0.26.0",
      "resolved": "https://registry.npmjs.org/axios/-/axios-0.26.0.tgz",
      "integrity": "sha512-lKoGLMYtHvFrPVt3r+RBMp9nh34N0M8zEfCWqdWZx6phynIEhQqAdydpyBAAG211zlhX9Rgu08cOamy6XjE5Og==",
      "license": "MIT",
      "dependencies": {
        "follow-redirects": "^1.14.8"
      }
    },
    "node_modules/follow-redirects": {
      "version": "1.15.6",
      "resolved": "https://registry.npmjs.org/follow-redirects/-/follow-redirects-1.15.6.tgz",
      "integrity": "sha512-wWN62YITEaOpSK584EZXJafH1AGpO8RVgElfkuXbTOrPX4fIfOyEpW/CsiNd8JdYrAoOvafRTOEnvsO++qCqFA==",
      "funding": [
        {
          "type": "individual",
          "url": "https://github.com/sponsors/RubenVerborgh"
        }
      ],
      "license": "MIT",
      "engines": {
        "node": ">=4.0"
      },
      "peerDependenciesMeta": {
        "debug": {
          "optional": true
        }
      }
    },
    "node_modules/react-router": {
      "version": "6.26.0",
      "resolved": "https://registry.npmjs.org/react-router/-/react-router-6.26.0.tgz",
      "integrity": "sha512-wVQq0/iFYd3iZ9H2l3N3k4PL8EEHcb0XlU2Na8nEwmiXgIUElEH6gaJDtUQxJ+JFzmIXaQjfdpcGWaM6IoQGxg==",
      "license": "MIT",
      "dependencies": {
        "@remix-run/router": "1.19.0"
      },
      "engines": {
        "node": ">=14.0.0"
      },
      "peerDependencies": {
        "react": ">=16.8"
      }
    },
    "node_modules/react-router-dom": {
      "version": "6.26.0",
      "resolved": "https://registry.npmjs.org/react-router-dom/-/react-router-dom-6.26.0.tgz",
      "integrity": "sha512-RRGUIiDtLrkX3uYcFiCIxKFWMcWQGMojpYZfcstc63A1+sSnVgILGIm9gNUA6na3Fm1QuPGSBQH2EMbAZOnMsQ==",
      "license": "MIT",
      "dependencies": {
        "@remix-run/router": "1.19.0",
        "react-router": "6.26.0"
      },
      "engines": {
        "node": ">=14.0.0"
      },
      "peerDependencies": {
        "react": ">=16.8",
        "react-dom": ">=16.8"
      }
    }
  }
}
